
Microsoft Visual Studio Solution File, Format Version 12.00
# Visual Studio 14
VisualStudioVersion = 14.0.23107.0
MinimumVisualStudioVersion = 10.0.40219.1
Project("{8BC9CEB8-8B4A-11D0-8D11-00A0C91BC942}") = "TS3Plugin", "Plugin\Plugin.vcxproj", "{A48593C7-7CC3-4C46-9705-9BD264A8E95A}"
EndProject
Project("{2150E333-8FDC-42A3-9474-1A3956D46DE8}") = ".nuget", ".nuget", "{E670886D-CD31-4004-89BF-49C26B824909}"
	ProjectSection(SolutionItems) = preProject
		.nuget\NuGet.Config = .nuget\NuGet.Config
		.nuget\NuGet.exe = .nuget\NuGet.exe
		.nuget\NuGet.targets = .nuget\NuGet.targets
	EndProjectSection
EndProject
Project("{FAE04EC0-301F-11D3-BF4B-00C04F79EFBC}") = "RadioGui", "RadioGui\RadioGui.csproj", "{3FA37CBC-5BE2-4945-802D-9CDD464AC476}"
EndProject
Global
	GlobalSection(SolutionConfigurationPlatforms) = preSolution
		Debug|Any CPU = Debug|Any CPU
		Debug|x64 = Debug|x64
		Debug|x86 = Debug|x86
		Release|Any CPU = Release|Any CPU
		Release|x64 = Release|x64
		Release|x86 = Release|x86
		Test|Any CPU = Test|Any CPU
		Test|x64 = Test|x64
		Test|x86 = Test|x86
	EndGlobalSection
	GlobalSection(ProjectConfigurationPlatforms) = postSolution
		{A48593C7-7CC3-4C46-9705-9BD264A8E95A}.Debug|Any CPU.ActiveCfg = Debug|Win32
		{A48593C7-7CC3-4C46-9705-9BD264A8E95A}.Debug|x64.ActiveCfg = Debug|x64
		{A48593C7-7CC3-4C46-9705-9BD264A8E95A}.Debug|x64.Build.0 = Debug|x64
		{A48593C7-7CC3-4C46-9705-9BD264A8E95A}.Debug|x86.ActiveCfg = Debug|Win32
		{A48593C7-7CC3-4C46-9705-9BD264A8E95A}.Debug|x86.Build.0 = Debug|Win32
		{A48593C7-7CC3-4C46-9705-9BD264A8E95A}.Release|Any CPU.ActiveCfg = Release|Win32
		{A48593C7-7CC3-4C46-9705-9BD264A8E95A}.Release|x64.ActiveCfg = Release|x64
		{A48593C7-7CC3-4C46-9705-9BD264A8E95A}.Release|x64.Build.0 = Release|x64
		{A48593C7-7CC3-4C46-9705-9BD264A8E95A}.Release|x86.ActiveCfg = Release|Win32
		{A48593C7-7CC3-4C46-9705-9BD264A8E95A}.Release|x86.Build.0 = Release|Win32
		{A48593C7-7CC3-4C46-9705-9BD264A8E95A}.Test|Any CPU.ActiveCfg = Test|Win32
		{A48593C7-7CC3-4C46-9705-9BD264A8E95A}.Test|x64.ActiveCfg = Test|x64
		{A48593C7-7CC3-4C46-9705-9BD264A8E95A}.Test|x64.Build.0 = Test|x64
		{A48593C7-7CC3-4C46-9705-9BD264A8E95A}.Test|x86.ActiveCfg = Test|Win32
		{A48593C7-7CC3-4C46-9705-9BD264A8E95A}.Test|x86.Build.0 = Test|Win32
		{3FA37CBC-5BE2-4945-802D-9CDD464AC476}.Debug|Any CPU.ActiveCfg = Debug|Any CPU
		{3FA37CBC-5BE2-4945-802D-9CDD464AC476}.Debug|Any CPU.Build.0 = Debug|Any CPU
		{3FA37CBC-5BE2-4945-802D-9CDD464AC476}.Debug|x64.ActiveCfg = Debug|Any CPU
		{3FA37CBC-5BE2-4945-802D-9CDD464AC476}.Debug|x64.Build.0 = Debug|Any CPU
		{3FA37CBC-5BE2-4945-802D-9CDD464AC476}.Debug|x86.ActiveCfg = Debug|Any CPU
		{3FA37CBC-5BE2-4945-802D-9CDD464AC476}.Debug|x86.Build.0 = Debug|Any CPU
		{3FA37CBC-5BE2-4945-802D-9CDD464AC476}.Release|Any CPU.ActiveCfg = Release|Any CPU
		{3FA37CBC-5BE2-4945-802D-9CDD464AC476}.Release|Any CPU.Build.0 = Release|Any CPU
		{3FA37CBC-5BE2-4945-802D-9CDD464AC476}.Release|x64.ActiveCfg = Release|Any CPU
		{3FA37CBC-5BE2-4945-802D-9CDD464AC476}.Release|x64.Build.0 = Release|Any CPU
		{3FA37CBC-5BE2-4945-802D-9CDD464AC476}.Release|x86.ActiveCfg = Release|Any CPU
		{3FA37CBC-5BE2-4945-802D-9CDD464AC476}.Release|x86.Build.0 = Release|Any CPU
		{3FA37CBC-5BE2-4945-802D-9CDD464AC476}.Release|x86.Deploy.0 = Release|Any CPU
		{3FA37CBC-5BE2-4945-802D-9CDD464AC476}.Test|Any CPU.ActiveCfg = Release|Any CPU
		{3FA37CBC-5BE2-4945-802D-9CDD464AC476}.Test|Any CPU.Build.0 = Release|Any CPU
		{3FA37CBC-5BE2-4945-802D-9CDD464AC476}.Test|x64.ActiveCfg = Release|Any CPU
		{3FA37CBC-5BE2-4945-802D-9CDD464AC476}.Test|x64.Build.0 = Release|Any CPU
		{3FA37CBC-5BE2-4945-802D-9CDD464AC476}.Test|x86.ActiveCfg = Release|Any CPU
		{3FA37CBC-5BE2-4945-802D-9CDD464AC476}.Test|x86.Build.0 = Release|Any CPU
	EndGlobalSection
	GlobalSection(SolutionProperties) = preSolution
		HideSolutionNode = FALSE
	EndGlobalSection
EndGlobal
